
Microsoft Visual Studio Solution File, Format Version 12.00
# Visual Studio Version 17
VisualStudioVersion = 17.6.33829.357
MinimumVisualStudioVersion = 10.0.40219.1
Project("{FAE04EC0-301F-11D3-BF4B-00C04F79EFBC}") = "DataGridViewWinFormExample", "DataGridViewWinFormExample\DataGridViewWinFormExample.csproj", "{0FA8D091-B9A7-41DD-980B-0D977B1620B2}"
EndProject
Project("{FAE04EC0-301F-11D3-BF4B-00C04F79EFBC}") = "DataGridViewWinFormExampleBusiness", "DataGridViewWinFormExampleBusiness\DataGridViewWinFormExampleBusiness.csproj", "{6E52E3EE-5F01-4CA1-9539-E1CF5E124B83}"
EndProject
Project("{FAE04EC0-301F-11D3-BF4B-00C04F79EFBC}") = "DataGridViewFormExampleData", "DataGridViewFormExampleData\DataGridViewFormExampleData.csproj", "{0739FAC9-2449-4F9C-B85D-820D8A83070E}"
EndProject
Project("{FAE04EC0-301F-11D3-BF4B-00C04F79EFBC}") = "DataGridViewWinFormExampleEntities", "DataGridViewWinFormExampleEntities\DataGridViewWinFormExampleEntities.csproj", "{69EBE790-A7AC-4DAE-A591-74ACBC4A2EF7}"
EndProject
Project("{FAE04EC0-301F-11D3-BF4B-00C04F79EFBC}") = "DataGridViewWinFormExampleDto", "DataGridViewWinFormExampleDto\DataGridViewWinFormExampleDto.csproj", "{C8921FD1-7B7A-4FB9-BA55-1ECFA5B26B62}"
EndProject
Global
	GlobalSection(SolutionConfigurationPlatforms) = preSolution
		Debug|Any CPU = Debug|Any CPU
		Release|Any CPU = Release|Any CPU
	EndGlobalSection
	GlobalSection(ProjectConfigurationPlatforms) = postSolution
		{0FA8D091-B9A7-41DD-980B-0D977B1620B2}.Debug|Any CPU.ActiveCfg = Debug|Any CPU
		{0FA8D091-B9A7-41DD-980B-0D977B1620B2}.Debug|Any CPU.Build.0 = Debug|Any CPU
		{0FA8D091-B9A7-41DD-980B-0D977B1620B2}.Release|Any CPU.ActiveCfg = Release|Any CPU
		{0FA8D091-B9A7-41DD-980B-0D977B1620B2}.Release|Any CPU.Build.0 = Release|Any CPU
		{6E52E3EE-5F01-4CA1-9539-E1CF5E124B83}.Debug|Any CPU.ActiveCfg = Debug|Any CPU
		{6E52E3EE-5F01-4CA1-9539-E1CF5E124B83}.Debug|Any CPU.Build.0 = Debug|Any CPU
		{6E52E3EE-5F01-4CA1-9539-E1CF5E124B83}.Release|Any CPU.ActiveCfg = Release|Any CPU
		{6E52E3EE-5F01-4CA1-9539-E1CF5E124B83}.Release|Any CPU.Build.0 = Release|Any CPU
		{0739FAC9-2449-4F9C-B85D-820D8A83070E}.Debug|Any CPU.ActiveCfg = Debug|Any CPU
		{0739FAC9-2449-4F9C-B85D-820D8A83070E}.Debug|Any CPU.Build.0 = Debug|Any CPU
		{0739FAC9-2449-4F9C-B85D-820D8A83070E}.Release|Any CPU.ActiveCfg = Release|Any CPU
		{0739FAC9-2449-4F9C-B85D-820D8A83070E}.Release|Any CPU.Build.0 = Release|Any CPU
		{69EBE790-A7AC-4DAE-A591-74ACBC4A2EF7}.Debug|Any CPU.ActiveCfg = Debug|Any CPU
		{69EBE790-A7AC-4DAE-A591-74ACBC4A2EF7}.Debug|Any CPU.Build.0 = Debug|Any CPU
		{69EBE790-A7AC-4DAE-A591-74ACBC4A2EF7}.Release|Any CPU.ActiveCfg = Release|Any CPU
		{69EBE790-A7AC-4DAE-A591-74ACBC4A2EF7}.Release|Any CPU.Build.0 = Release|Any CPU
		{C8921FD1-7B7A-4FB9-BA55-1ECFA5B26B62}.Debug|Any CPU.ActiveCfg = Debug|Any CPU
		{C8921FD1-7B7A-4FB9-BA55-1ECFA5B26B62}.Debug|Any CPU.Build.0 = Debug|Any CPU
		{C8921FD1-7B7A-4FB9-BA55-1ECFA5B26B62}.Release|Any CPU.ActiveCfg = Release|Any CPU
		{C8921FD1-7B7A-4FB9-BA55-1ECFA5B26B62}.Release|Any CPU.Build.0 = Release|Any CPU
	EndGlobalSection
	GlobalSection(SolutionProperties) = preSolution
		HideSolutionNode = FALSE
	EndGlobalSection
	GlobalSection(ExtensibilityGlobals) = postSolution
		SolutionGuid = {D45A5150-90B5-4C4F-B9AD-B86EA2C0E971}
	EndGlobalSection
EndGlobal
